
Microsoft Visual Studio Solution File, Format Version 12.00
# Visual Studio Version 16
VisualStudioVersion = 16.0.30225.117
MinimumVisualStudioVersion = 10.0.40219.1
Project("{FAE04EC0-301F-11D3-BF4B-00C04F79EFBC}") = "Vips_ManageProgram_rev1", "Vips_ManageProgram_rev1\Vips_ManageProgram_rev1.csproj", "{223F8482-DB51-4BB9-9C81-0FBBF2C8458B}"
EndProject
Global
	GlobalSection(SolutionConfigurationPlatforms) = preSolution
		Debug|Any CPU = Debug|Any CPU
		Release|Any CPU = Release|Any CPU
	EndGlobalSection
	GlobalSection(ProjectConfigurationPlatforms) = postSolution
		{223F8482-DB51-4BB9-9C81-0FBBF2C8458B}.Debug|Any CPU.ActiveCfg = Debug|Any CPU
		{223F8482-DB51-4BB9-9C81-0FBBF2C8458B}.Debug|Any CPU.Build.0 = Debug|Any CPU
		{223F8482-DB51-4BB9-9C81-0FBBF2C8458B}.Release|Any CPU.ActiveCfg = Release|Any CPU
		{223F8482-DB51-4BB9-9C81-0FBBF2C8458B}.Release|Any CPU.Build.0 = Release|Any CPU
	EndGlobalSection
	GlobalSection(SolutionProperties) = preSolution
		HideSolutionNode = FALSE
	EndGlobalSection
	GlobalSection(ExtensibilityGlobals) = postSolution
		SolutionGuid = {FBBF50A7-A19B-4CCE-AD44-D913C8684126}
	EndGlobalSection
EndGlobal
